
Microsoft Visual Studio Solution File, Format Version 12.00
# Visual Studio Version 17
VisualStudioVersion = 17.5.33627.172
MinimumVisualStudioVersion = 10.0.40219.1
Project("{FAE04EC0-301F-11D3-BF4B-00C04F79EFBC}") = "FileImportedServices", "FileImportedServices\FileImportedServices.csproj", "{497F45BE-C8D8-45E4-87A0-5BF081C0AFC9}"
EndProject
Global
	GlobalSection(SolutionConfigurationPlatforms) = preSolution
		Debug|Any CPU = Debug|Any CPU
		Release|Any CPU = Release|Any CPU
	EndGlobalSection
	GlobalSection(ProjectConfigurationPlatforms) = postSolution
		{497F45BE-C8D8-45E4-87A0-5BF081C0AFC9}.Debug|Any CPU.ActiveCfg = Debug|Any CPU
		{497F45BE-C8D8-45E4-87A0-5BF081C0AFC9}.Debug|Any CPU.Build.0 = Debug|Any CPU
		{497F45BE-C8D8-45E4-87A0-5BF081C0AFC9}.Release|Any CPU.ActiveCfg = Release|Any CPU
		{497F45BE-C8D8-45E4-87A0-5BF081C0AFC9}.Release|Any CPU.Build.0 = Release|Any CPU
	EndGlobalSection
	GlobalSection(SolutionProperties) = preSolution
		HideSolutionNode = FALSE
	EndGlobalSection
	GlobalSection(ExtensibilityGlobals) = postSolution
		SolutionGuid = {56805D2E-0EA9-45A0-A6D6-9D95AC9FD486}
	EndGlobalSection
EndGlobal
